github.com/k1LoW/go-sqlite-vss v0.1.2 h1:1wVLyn6Z300EAWIO5R0DEY/LvHnZFcJ0uaQaYeA8eMo=
github.com/k1LoW/go-sqlite-vss v0.1.2/go.mod h1:9Ik9jKi99tT0i7wQ2UDYlMI2PUK75miBGMAOmyEJgg0=
github.com/mattn/go-sqlite3 v1.14.32 h1:JD12Ag3oLy1zQA+BNn74xRgaBbdhbNIDYvQUEuuErjs=
github.com/mattn/go-sqlite3 v1.14.32/go.mod h1:Uh1q+B4BYcTPb+yiD3kU8Ct7aC0hY9fxUwlHK0RXw+Y=
