github.com/cloudwego/eino v0.7.14/go.mod h1:nA8Vacmuqv3pqKBQbTWENBLQ8MmGmPt/WqiyLeB8ohQ=
github.com/cloudwego/eino-ext/components/embedding/openai v0.0.0-20251226123311-1d93d527c144/go.mod h1:SajSFFRIXJXIbxadAAlSUIS5KTY8R/jzJg9RNSOXCCI=
github.com/gin-gonic/gin v1.10.0/go.mod h1:4PMNQiOhvDRa013RKVbsiNwoyezlm2rm0uX/T7kzp5Y=
